
Microsoft Visual Studio Solution File, Format Version 12.00
Project("{FAE04EC0-301F-11D3-BF4B-00C04F79EFBC}") = "Backend", "Backend\Backend.csproj", "{4AC38DA3-B952-474F-9DC3-81025221629F}"
EndProject
Project("{FAE04EC0-301F-11D3-BF4B-00C04F79EFBC}") = "Backend.Common", "Backend.Common\Backend.Common.csproj", "{D3008E72-DF62-46C0-A2FD-C66215B436B9}"
EndProject
Project("{FAE04EC0-301F-11D3-BF4B-00C04F79EFBC}") = "Backend.Extensions", "Backend.Extensions\Backend.Extensions.csproj", "{03DF620D-8D95-41D1-B4C6-9C84449DACCF}"
EndProject
Project("{FAE04EC0-301F-11D3-BF4B-00C04F79EFBC}") = "Backend.Contracts", "Backend.Contracts\Backend.Contracts.csproj", "{4697C457-729B-4E99-AE9A-CA25D4FFE0C7}"
EndProject
Project("{FAE04EC0-301F-11D3-BF4B-00C04F79EFBC}") = "Backend.Application", "Backend.Application\Backend.Application.csproj", "{2363F0B4-4E6E-4A2C-99EC-87DD7CA87F7D}"
EndProject
Project("{FAE04EC0-301F-11D3-BF4B-00C04F79EFBC}") = "Backend.Domain", "Backend.Domain\Backend.Domain.csproj", "{7E79D5D9-5ABC-47BB-87E7-1E1EF3CBC568}"
EndProject
Project("{FAE04EC0-301F-11D3-BF4B-00C04F79EFBC}") = "Backend.Infrastructure", "Backend.Infrastructure\Backend.Infrastructure.csproj", "{36AB80EB-0970-4831-96A0-EA669B56B368}"
EndProject
Global
	GlobalSection(SolutionConfigurationPlatforms) = preSolution
		Debug|Any CPU = Debug|Any CPU
		Release|Any CPU = Release|Any CPU
	EndGlobalSection
	GlobalSection(ProjectConfigurationPlatforms) = postSolution
		{4AC38DA3-B952-474F-9DC3-81025221629F}.Debug|Any CPU.ActiveCfg = Debug|Any CPU
		{4AC38DA3-B952-474F-9DC3-81025221629F}.Debug|Any CPU.Build.0 = Debug|Any CPU
		{4AC38DA3-B952-474F-9DC3-81025221629F}.Release|Any CPU.ActiveCfg = Release|Any CPU
		{4AC38DA3-B952-474F-9DC3-81025221629F}.Release|Any CPU.Build.0 = Release|Any CPU
		{D3008E72-DF62-46C0-A2FD-C66215B436B9}.Debug|Any CPU.ActiveCfg = Debug|Any CPU
		{D3008E72-DF62-46C0-A2FD-C66215B436B9}.Debug|Any CPU.Build.0 = Debug|Any CPU
		{D3008E72-DF62-46C0-A2FD-C66215B436B9}.Release|Any CPU.ActiveCfg = Release|Any CPU
		{D3008E72-DF62-46C0-A2FD-C66215B436B9}.Release|Any CPU.Build.0 = Release|Any CPU
		{03DF620D-8D95-41D1-B4C6-9C84449DACCF}.Debug|Any CPU.ActiveCfg = Debug|Any CPU
		{03DF620D-8D95-41D1-B4C6-9C84449DACCF}.Debug|Any CPU.Build.0 = Debug|Any CPU
		{03DF620D-8D95-41D1-B4C6-9C84449DACCF}.Release|Any CPU.ActiveCfg = Release|Any CPU
		{03DF620D-8D95-41D1-B4C6-9C84449DACCF}.Release|Any CPU.Build.0 = Release|Any CPU
		{4697C457-729B-4E99-AE9A-CA25D4FFE0C7}.Debug|Any CPU.ActiveCfg = Debug|Any CPU
		{4697C457-729B-4E99-AE9A-CA25D4FFE0C7}.Debug|Any CPU.Build.0 = Debug|Any CPU
		{4697C457-729B-4E99-AE9A-CA25D4FFE0C7}.Release|Any CPU.ActiveCfg = Release|Any CPU
		{4697C457-729B-4E99-AE9A-CA25D4FFE0C7}.Release|Any CPU.Build.0 = Release|Any CPU
		{2363F0B4-4E6E-4A2C-99EC-87DD7CA87F7D}.Debug|Any CPU.ActiveCfg = Debug|Any CPU
		{2363F0B4-4E6E-4A2C-99EC-87DD7CA87F7D}.Debug|Any CPU.Build.0 = Debug|Any CPU
		{2363F0B4-4E6E-4A2C-99EC-87DD7CA87F7D}.Release|Any CPU.ActiveCfg = Release|Any CPU
		{2363F0B4-4E6E-4A2C-99EC-87DD7CA87F7D}.Release|Any CPU.Build.0 = Release|Any CPU
		{7E79D5D9-5ABC-47BB-87E7-1E1EF3CBC568}.Debug|Any CPU.ActiveCfg = Debug|Any CPU
		{7E79D5D9-5ABC-47BB-87E7-1E1EF3CBC568}.Debug|Any CPU.Build.0 = Debug|Any CPU
		{7E79D5D9-5ABC-47BB-87E7-1E1EF3CBC568}.Release|Any CPU.ActiveCfg = Release|Any CPU
		{7E79D5D9-5ABC-47BB-87E7-1E1EF3CBC568}.Release|Any CPU.Build.0 = Release|Any CPU
		{36AB80EB-0970-4831-96A0-EA669B56B368}.Debug|Any CPU.ActiveCfg = Debug|Any CPU
		{36AB80EB-0970-4831-96A0-EA669B56B368}.Debug|Any CPU.Build.0 = Debug|Any CPU
		{36AB80EB-0970-4831-96A0-EA669B56B368}.Release|Any CPU.ActiveCfg = Release|Any CPU
		{36AB80EB-0970-4831-96A0-EA669B56B368}.Release|Any CPU.Build.0 = Release|Any CPU
	EndGlobalSection
	GlobalSection(NestedProjects) = preSolution
	EndGlobalSection
EndGlobal
